# Code generated by scarb DO NOT EDIT.
version = 1

[[package]]
name = "alexandria_bytes"
version = "0.1.0"
source = "git+https://github.com/maxdesalle/alexandria.git#51653c50277491d77ab0783f0ad1d89237c940dd"
dependencies = [
 "alexandria_data_structures",
 "alexandria_math",
]

[[package]]
name = "alexandria_data_structures"
version = "0.2.0"
source = "git+https://github.com/maxdesalle/alexandria.git#51653c50277491d77ab0783f0ad1d89237c940dd"
dependencies = [
 "alexandria_encoding",
]

[[package]]
name = "alexandria_encoding"
version = "0.1.0"
source = "git+https://github.com/maxdesalle/alexandria.git#51653c50277491d77ab0783f0ad1d89237c940dd"
dependencies = [
 "alexandria_bytes",
 "alexandria_math",
 "alexandria_numeric",
]

[[package]]
name = "alexandria_math"
version = "0.2.1"
source = "git+https://github.com/maxdesalle/alexandria.git#51653c50277491d77ab0783f0ad1d89237c940dd"

[[package]]
name = "alexandria_numeric"
version = "0.1.0"
source = "git+https://github.com/maxdesalle/alexandria.git#51653c50277491d77ab0783f0ad1d89237c940dd"
dependencies = [
 "alexandria_math",
 "alexandria_searching",
]

[[package]]
name = "alexandria_searching"
version = "0.1.0"
source = "git+https://github.com/maxdesalle/alexandria.git#51653c50277491d77ab0783f0ad1d89237c940dd"
dependencies = [
 "alexandria_data_structures",
]

[[package]]
name = "alexandria_sorting"
version = "0.1.0"
source = "git+https://github.com/maxdesalle/alexandria.git#51653c50277491d77ab0783f0ad1d89237c940dd"
dependencies = [
 "alexandria_data_structures",
]

[[package]]
name = "alexandria_storage"
version = "0.3.0"
source = "git+https://github.com/maxdesalle/alexandria.git#51653c50277491d77ab0783f0ad1d89237c940dd"

[[package]]
name = "cubit"
version = "1.3.0"
source = "git+https://github.com/dojoengine/cubit?branch=cairo_2.7#53020b6320a10f2ab55b661be9b8d895aca945e9"

[[package]]
name = "openzeppelin"
version = "0.16.0"
source = "git+https://github.com/OpenZeppelin/cairo-contracts.git?branch=upgrade-edition-2024-07#b936c3f65ee5ace10a56ec6e3118fdf1ae358952"
dependencies = [
 "openzeppelin_access",
 "openzeppelin_account",
 "openzeppelin_governance",
 "openzeppelin_introspection",
 "openzeppelin_merkle_tree",
 "openzeppelin_presets",
 "openzeppelin_security",
 "openzeppelin_token",
 "openzeppelin_upgrades",
 "openzeppelin_utils",
]

[[package]]
name = "openzeppelin_access"
version = "0.16.0"
source = "git+https://github.com/OpenZeppelin/cairo-contracts.git?branch=upgrade-edition-2024-07#b936c3f65ee5ace10a56ec6e3118fdf1ae358952"
dependencies = [
 "openzeppelin_introspection",
 "openzeppelin_utils",
]

[[package]]
name = "openzeppelin_account"
version = "0.16.0"
source = "git+https://github.com/OpenZeppelin/cairo-contracts.git?branch=upgrade-edition-2024-07#b936c3f65ee5ace10a56ec6e3118fdf1ae358952"
dependencies = [
 "openzeppelin_introspection",
 "openzeppelin_utils",
]

[[package]]
name = "openzeppelin_governance"
version = "0.16.0"
source = "git+https://github.com/OpenZeppelin/cairo-contracts.git?branch=upgrade-edition-2024-07#b936c3f65ee5ace10a56ec6e3118fdf1ae358952"
dependencies = [
 "openzeppelin_access",
 "openzeppelin_introspection",
]

[[package]]
name = "openzeppelin_introspection"
version = "0.16.0"
source = "git+https://github.com/OpenZeppelin/cairo-contracts.git?branch=upgrade-edition-2024-07#b936c3f65ee5ace10a56ec6e3118fdf1ae358952"

[[package]]
name = "openzeppelin_merkle_tree"
version = "0.16.0"
source = "git+https://github.com/OpenZeppelin/cairo-contracts.git?branch=upgrade-edition-2024-07#b936c3f65ee5ace10a56ec6e3118fdf1ae358952"

[[package]]
name = "openzeppelin_presets"
version = "0.16.0"
source = "git+https://github.com/OpenZeppelin/cairo-contracts.git?branch=upgrade-edition-2024-07#b936c3f65ee5ace10a56ec6e3118fdf1ae358952"
dependencies = [
 "openzeppelin_access",
 "openzeppelin_account",
 "openzeppelin_introspection",
 "openzeppelin_token",
 "openzeppelin_upgrades",
]

[[package]]
name = "openzeppelin_security"
version = "0.16.0"
source = "git+https://github.com/OpenZeppelin/cairo-contracts.git?branch=upgrade-edition-2024-07#b936c3f65ee5ace10a56ec6e3118fdf1ae358952"

[[package]]
name = "openzeppelin_token"
version = "0.16.0"
source = "git+https://github.com/OpenZeppelin/cairo-contracts.git?branch=upgrade-edition-2024-07#b936c3f65ee5ace10a56ec6e3118fdf1ae358952"
dependencies = [
 "openzeppelin_account",
 "openzeppelin_governance",
 "openzeppelin_introspection",
]

[[package]]
name = "openzeppelin_upgrades"
version = "0.16.0"
source = "git+https://github.com/OpenZeppelin/cairo-contracts.git?branch=upgrade-edition-2024-07#b936c3f65ee5ace10a56ec6e3118fdf1ae358952"

[[package]]
name = "openzeppelin_utils"
version = "0.16.0"
source = "git+https://github.com/OpenZeppelin/cairo-contracts.git?branch=upgrade-edition-2024-07#b936c3f65ee5ace10a56ec6e3118fdf1ae358952"

[[package]]
name = "pragma_entry"
version = "0.1.0"
dependencies = [
 "alexandria_sorting",
 "alexandria_storage",
 "snforge_std",
]

[[package]]
name = "pragma_operations"
version = "0.1.0"
dependencies = [
 "cubit",
 "snforge_std",
]

[[package]]
name = "pragma_oracle"
version = "0.1.0"
dependencies = [
 "alexandria_math",
 "openzeppelin",
 "pragma_entry",
 "pragma_publisher_registry",
 "snforge_std",
]

[[package]]
name = "pragma_publisher_registry"
version = "0.1.0"
dependencies = [
 "openzeppelin",
 "snforge_std",
]

[[package]]
name = "pragma_summary_stats"
version = "0.1.0"
dependencies = [
 "alexandria_math",
 "openzeppelin",
 "pragma_entry",
 "pragma_operations",
 "pragma_publisher_registry",
 "snforge_std",
]

[[package]]
name = "snforge_scarb_plugin"
version = "0.1.0"
source = "git+https://github.com/foundry-rs/starknet-foundry?tag=v0.30.0#196f06b251926697c3d66800f2a93ae595e76496"

[[package]]
name = "snforge_std"
version = "0.30.0"
source = "git+https://github.com/foundry-rs/starknet-foundry?tag=v0.30.0#196f06b251926697c3d66800f2a93ae595e76496"
dependencies = [
 "snforge_scarb_plugin",
]
