# Code generated by scarb DO NOT EDIT.
version = 1

[[package]]
name = "openzeppelin_upgrades"
version = "0.16.0"
source = "registry+https://scarbs.xyz/"
checksum = "sha256:4de95a7fb8955e63711f34bb954676f6cef127b44b570c0535d7781297821b44"

[[package]]
name = "pragma_dispatcher"
version = "0.1.0"
dependencies = [
 "openzeppelin_upgrades",
 "snforge_std",
]

[[package]]
name = "pragma_feeds_registry"
version = "0.1.0"
dependencies = [
 "openzeppelin_upgrades",
 "snforge_std",
]

[[package]]
name = "snforge_scarb_plugin"
version = "0.2.0"
source = "registry+https://scarbs.xyz/"
checksum = "sha256:2e4ce3ebe3f49548bd26908391b5d78537a765d827df0d96c32aeb88941d0d67"

[[package]]
name = "snforge_std"
version = "0.30.0"
source = "registry+https://scarbs.xyz/"
checksum = "sha256:2f3c4846881813ac0f5d1460981249c9f5e2a6831e752beedf9b70975495b4ec"
dependencies = [
 "snforge_scarb_plugin",
]
